// !$*UTF8*$!
{
	archiveVersion = 1;
	classes = {
	};
	objectVersion = 46;
	objects = {

/* Begin PBXBuildFile section */
		7F0FB9B31934D2C200A22BE5 /* Cocoa.framework in Frameworks */ = {isa = PBXBuildFile; fileRef = 7F0FB9B21934D2C200A22BE5 /* Cocoa.framework */; };
		7F0FB9BD1934D2C200A22BE5 /* InfoPlist.strings in Resources */ = {isa = PBXBuildFile; fileRef = 7F0FB9BB1934D2C200A22BE5 /* InfoPlist.strings */; };
		7F0FB9BF1934D2C200A22BE5 /* main.m in Sources */ = {isa = PBXBuildFile; fileRef = 7F0FB9BE1934D2C200A22BE5 /* main.m */; };
		7F0FB9C31934D2C200A22BE5 /* Credits.rtf in Resources */ = {isa = PBXBuildFile; fileRef = 7F0FB9C11934D2C200A22BE5 /* Credits.rtf */; };
		7F0FB9C61934D2C200A22BE5 /* AEAppDelegate.m in Sources */ = {isa = PBXBuildFile; fileRef = 7F0FB9C51934D2C200A22BE5 /* AEAppDelegate.m */; };
		7F0FB9CB1934D2C200A22BE5 /* Images.xcassets in Resources */ = {isa = PBXBuildFile; fileRef = 7F0FB9CA1934D2C200A22BE5 /* Images.xcassets */; };
		7F0FB9D21934D2C200A22BE5 /* XCTest.framework in Frameworks */ = {isa = PBXBuildFile; fileRef = 7F0FB9D11934D2C200A22BE5 /* XCTest.framework */; };
		7F0FB9D31934D2C200A22BE5 /* Cocoa.framework in Frameworks */ = {isa = PBXBuildFile; fileRef = 7F0FB9B21934D2C200A22BE5 /* Cocoa.framework */; };
		7F0FB9DB1934D2C200A22BE5 /* InfoPlist.strings in Resources */ = {isa = PBXBuildFile; fileRef = 7F0FB9D91934D2C200A22BE5 /* InfoPlist.strings */; };
		7F0FB9DD1934D2C200A22BE5 /* AE_DataBase_EditorTests.m in Sources */ = {isa = PBXBuildFile; fileRef = 7F0FB9DC1934D2C200A22BE5 /* AE_DataBase_EditorTests.m */; };
		7F0FB9EC1934E4A100A22BE5 /* MainViewController.m in Sources */ = {isa = PBXBuildFile; fileRef = 7F0FB9EA1934E4A100A22BE5 /* MainViewController.m */; };
		7F0FB9ED1934E4A100A22BE5 /* MainViewController.xib in Resources */ = {isa = PBXBuildFile; fileRef = 7F0FB9EB1934E4A100A22BE5 /* MainViewController.xib */; };
		7F0FB9F61934FAFB00A22BE5 /* AEAddSymptomWindow.m in Sources */ = {isa = PBXBuildFile; fileRef = 7F0FB9F41934FAFB00A22BE5 /* AEAddSymptomWindow.m */; };
		7F0FB9F71934FAFB00A22BE5 /* AEAddSymptomWindow.xib in Resources */ = {isa = PBXBuildFile; fileRef = 7F0FB9F51934FAFB00A22BE5 /* AEAddSymptomWindow.xib */; };
		7F0FB9FB1934FC1000A22BE5 /* AEAddModelWindow.m in Sources */ = {isa = PBXBuildFile; fileRef = 7F0FB9F91934FC0F00A22BE5 /* AEAddModelWindow.m */; };
		7F0FB9FC1934FC1000A22BE5 /* AEAddModelWindow.xib in Resources */ = {isa = PBXBuildFile; fileRef = 7F0FB9FA1934FC1000A22BE5 /* AEAddModelWindow.xib */; };
/* End PBXBuildFile section */

/* Begin PBXContainerItemProxy section */
		7F0FB9D41934D2C200A22BE5 /* PBXContainerItemProxy */ = {
			isa = PBXContainerItemProxy;
			containerPortal = 7F0FB9A71934D2C200A22BE5 /* Project object */;
			proxyType = 1;
			remoteGlobalIDString = 7F0FB9AE1934D2C200A22BE5;
			remoteInfo = "AE DataBase Editor";
		};
/* End PBXContainerItemProxy section */

/* Begin PBXFileReference section */
		7F0FB9AF1934D2C200A22BE5 /* AE DataBase Editor.app */ = {isa = PBXFileReference; explicitFileType = wrapper.application; includeInIndex = 0; path = "AE DataBase Editor.app"; sourceTree = BUILT_PRODUCTS_DIR; };
		7F0FB9B21934D2C200A22BE5 /* Cocoa.framework */ = {isa = PBXFileReference; lastKnownFileType = wrapper.framework; name = Cocoa.framework; path = System/Library/Frameworks/Cocoa.framework; sourceTree = SDKROOT; };
		7F0FB9B51934D2C200A22BE5 /* AppKit.framework */ = {isa = PBXFileReference; lastKnownFileType = wrapper.framework; name = AppKit.framework; path = System/Library/Frameworks/AppKit.framework; sourceTree = SDKROOT; };
		7F0FB9B61934D2C200A22BE5 /* CoreData.framework */ = {isa = PBXFileReference; lastKnownFileType = wrapper.framework; name = CoreData.framework; path = System/Library/Frameworks/CoreData.framework; sourceTree = SDKROOT; };
		7F0FB9B71934D2C200A22BE5 /* Foundation.framework */ = {isa = PBXFileReference; lastKnownFileType = wrapper.framework; name = Foundation.framework; path = System/Library/Frameworks/Foundation.framework; sourceTree = SDKROOT; };
		7F0FB9BA1934D2C200A22BE5 /* AE DataBase Editor-Info.plist */ = {isa = PBXFileReference; lastKnownFileType = text.plist.xml; path = "AE DataBase Editor-Info.plist"; sourceTree = "<group>"; };
		7F0FB9BC1934D2C200A22BE5 /* en */ = {isa = PBXFileReference; lastKnownFileType = text.plist.strings; name = en; path = en.lproj/InfoPlist.strings; sourceTree = "<group>"; };
		7F0FB9BE1934D2C200A22BE5 /* main.m */ = {isa = PBXFileReference; lastKnownFileType = sourcecode.c.objc; path = main.m; sourceTree = "<group>"; };
		7F0FB9C01934D2C200A22BE5 /* AE DataBase Editor-Prefix.pch */ = {isa = PBXFileReference; lastKnownFileType = sourcecode.c.h; path = "AE DataBase Editor-Prefix.pch"; sourceTree = "<group>"; };
		7F0FB9C21934D2C200A22BE5 /* en */ = {isa = PBXFileReference; lastKnownFileType = text.rtf; name = en; path = en.lproj/Credits.rtf; sourceTree = "<group>"; };
		7F0FB9C41934D2C200A22BE5 /* AEAppDelegate.h */ = {isa = PBXFileReference; lastKnownFileType = sourcecode.c.h; path = AEAppDelegate.h; sourceTree = "<group>"; };
		7F0FB9C51934D2C200A22BE5 /* AEAppDelegate.m */ = {isa = PBXFileReference; lastKnownFileType = sourcecode.c.objc; path = AEAppDelegate.m; sourceTree = "<group>"; };
		7F0FB9CA1934D2C200A22BE5 /* Images.xcassets */ = {isa = PBXFileReference; lastKnownFileType = folder.assetcatalog; path = Images.xcassets; sourceTree = "<group>"; };
		7F0FB9D01934D2C200A22BE5 /* AE DataBase EditorTests.xctest */ = {isa = PBXFileReference; explicitFileType = wrapper.cfbundle; includeInIndex = 0; path = "AE DataBase EditorTests.xctest"; sourceTree = BUILT_PRODUCTS_DIR; };
		7F0FB9D11934D2C200A22BE5 /* XCTest.framework */ = {isa = PBXFileReference; lastKnownFileType = wrapper.framework; name = XCTest.framework; path = Library/Frameworks/XCTest.framework; sourceTree = DEVELOPER_DIR; };
		7F0FB9D81934D2C200A22BE5 /* AE DataBase EditorTests-Info.plist */ = {isa = PBXFileReference; lastKnownFileType = text.plist.xml; path = "AE DataBase EditorTests-Info.plist"; sourceTree = "<group>"; };
		7F0FB9DA1934D2C200A22BE5 /* en */ = {isa = PBXFileReference; lastKnownFileType = text.plist.strings; name = en; path = en.lproj/InfoPlist.strings; sourceTree = "<group>"; };
		7F0FB9DC1934D2C200A22BE5 /* AE_DataBase_EditorTests.m */ = {isa = PBXFileReference; lastKnownFileType = sourcecode.c.objc; path = AE_DataBase_EditorTests.m; sourceTree = "<group>"; };
		7F0FB9E91934E4A100A22BE5 /* MainViewController.h */ = {isa = PBXFileReference; fileEncoding = 4; lastKnownFileType = sourcecode.c.h; name = MainViewController.h; path = ../MainViewController.h; sourceTree = "<group>"; };
		7F0FB9EA1934E4A100A22BE5 /* MainViewController.m */ = {isa = PBXFileReference; fileEncoding = 4; lastKnownFileType = sourcecode.c.objc; name = MainViewController.m; path = ../MainViewController.m; sourceTree = "<group>"; };
		7F0FB9EB1934E4A100A22BE5 /* MainViewController.xib */ = {isa = PBXFileReference; fileEncoding = 4; lastKnownFileType = file.xib; name = MainViewController.xib; path = ../MainViewController.xib; sourceTree = "<group>"; };
		7F0FB9F31934FAFB00A22BE5 /* AEAddSymptomWindow.h */ = {isa = PBXFileReference; fileEncoding = 4; lastKnownFileType = sourcecode.c.h; path = AEAddSymptomWindow.h; sourceTree = "<group>"; };
		7F0FB9F41934FAFB00A22BE5 /* AEAddSymptomWindow.m */ = {isa = PBXFileReference; fileEncoding = 4; lastKnownFileType = sourcecode.c.objc; path = AEAddSymptomWindow.m; sourceTree = "<group>"; };
		7F0FB9F51934FAFB00A22BE5 /* AEAddSymptomWindow.xib */ = {isa = PBXFileReference; fileEncoding = 4; lastKnownFileType = file.xib; path = AEAddSymptomWindow.xib; sourceTree = "<group>"; };
		7F0FB9F81934FC0F00A22BE5 /* AEAddModelWindow.h */ = {isa = PBXFileReference; fileEncoding = 4; lastKnownFileType = sourcecode.c.h; path = AEAddModelWindow.h; sourceTree = "<group>"; };
		7F0FB9F91934FC0F00A22BE5 /* AEAddModelWindow.m */ = {isa = PBXFileReference; fileEncoding = 4; lastKnownFileType = sourcecode.c.objc; path = AEAddModelWindow.m; sourceTree = "<group>"; };
		7F0FB9FA1934FC1000A22BE5 /* AEAddModelWindow.xib */ = {isa = PBXFileReference; fileEncoding = 4; lastKnownFileType = file.xib; path = AEAddModelWindow.xib; sourceTree = "<group>"; };
/* End PBXFileReference section */

/* Begin PBXFrameworksBuildPhase section */
		7F0FB9AC1934D2C200A22BE5 /* Frameworks */ = {
			isa = PBXFrameworksBuildPhase;
			buildActionMask = 2147483647;
			files = (
				7F0FB9B31934D2C200A22BE5 /* Cocoa.framework in Frameworks */,
			);
			runOnlyForDeploymentPostprocessing = 0;
		};
		7F0FB9CD1934D2C200A22BE5 /* Frameworks */ = {
			isa = PBXFrameworksBuildPhase;
			buildActionMask = 2147483647;
			files = (
				7F0FB9D31934D2C200A22BE5 /* Cocoa.framework in Frameworks */,
				7F0FB9D21934D2C200A22BE5 /* XCTest.framework in Frameworks */,
			);
			runOnlyForDeploymentPostprocessing = 0;
		};
/* End PBXFrameworksBuildPhase section */

/* Begin PBXGroup section */
		7F0FB9A61934D2C200A22BE5 = {
			isa = PBXGroup;
			children = (
				7F0FB9B81934D2C200A22BE5 /* AE DataBase Editor */,
				7F0FB9D61934D2C200A22BE5 /* AE DataBase EditorTests */,
				7F0FB9B11934D2C200A22BE5 /* Frameworks */,
				7F0FB9B01934D2C200A22BE5 /* Products */,
			);
			sourceTree = "<group>";
		};
		7F0FB9B01934D2C200A22BE5 /* Products */ = {
			isa = PBXGroup;
			children = (
				7F0FB9AF1934D2C200A22BE5 /* AE DataBase Editor.app */,
				7F0FB9D01934D2C200A22BE5 /* AE DataBase EditorTests.xctest */,
			);
			name = Products;
			sourceTree = "<group>";
		};
		7F0FB9B11934D2C200A22BE5 /* Frameworks */ = {
			isa = PBXGroup;
			children = (
				7F0FB9B21934D2C200A22BE5 /* Cocoa.framework */,
				7F0FB9D11934D2C200A22BE5 /* XCTest.framework */,
				7F0FB9B41934D2C200A22BE5 /* Other Frameworks */,
			);
			name = Frameworks;
			sourceTree = "<group>";
		};
		7F0FB9B41934D2C200A22BE5 /* Other Frameworks */ = {
			isa = PBXGroup;
			children = (
				7F0FB9B51934D2C200A22BE5 /* AppKit.framework */,
				7F0FB9B61934D2C200A22BE5 /* CoreData.framework */,
				7F0FB9B71934D2C200A22BE5 /* Foundation.framework */,
			);
			name = "Other Frameworks";
			sourceTree = "<group>";
		};
		7F0FB9B81934D2C200A22BE5 /* AE DataBase Editor */ = {
			isa = PBXGroup;
			children = (
				7F0FB9C41934D2C200A22BE5 /* AEAppDelegate.h */,
				7F0FB9C51934D2C200A22BE5 /* AEAppDelegate.m */,
				7F0FB9E91934E4A100A22BE5 /* MainViewController.h */,
				7F0FB9EA1934E4A100A22BE5 /* MainViewController.m */,
				7F0FB9EB1934E4A100A22BE5 /* MainViewController.xib */,
				7F0FB9F31934FAFB00A22BE5 /* AEAddSymptomWindow.h */,
				7F0FB9F41934FAFB00A22BE5 /* AEAddSymptomWindow.m */,
				7F0FB9F51934FAFB00A22BE5 /* AEAddSymptomWindow.xib */,
				7F0FB9F81934FC0F00A22BE5 /* AEAddModelWindow.h */,
				7F0FB9F91934FC0F00A22BE5 /* AEAddModelWindow.m */,
				7F0FB9FA1934FC1000A22BE5 /* AEAddModelWindow.xib */,
				7F0FB9CA1934D2C200A22BE5 /* Images.xcassets */,
				7F0FB9B91934D2C200A22BE5 /* Supporting Files */,
			);
			path = "AE DataBase Editor";
			sourceTree = "<group>";
		};
		7F0FB9B91934D2C200A22BE5 /* Supporting Files */ = {
			isa = PBXGroup;
			children = (
				7F0FB9BA1934D2C200A22BE5 /* AE DataBase Editor-Info.plist */,
				7F0FB9BB1934D2C200A22BE5 /* InfoPlist.strings */,
				7F0FB9BE1934D2C200A22BE5 /* main.m */,
				7F0FB9C01934D2C200A22BE5 /* AE DataBase Editor-Prefix.pch */,
				7F0FB9C11934D2C200A22BE5 /* Credits.rtf */,
			);
			name = "Supporting Files";
			sourceTree = "<group>";
		};
		7F0FB9D61934D2C200A22BE5 /* AE DataBase EditorTests */ = {
			isa = PBXGroup;
			children = (
				7F0FB9DC1934D2C200A22BE5 /* AE_DataBase_EditorTests.m */,
				7F0FB9D71934D2C200A22BE5 /* Supporting Files */,
			);
			path = "AE DataBase EditorTests";
			sourceTree = "<group>";
		};
		7F0FB9D71934D2C200A22BE5 /* Supporting Files */ = {
			isa = PBXGroup;
			children = (
				7F0FB9D81934D2C200A22BE5 /* AE DataBase EditorTests-Info.plist */,
				7F0FB9D91934D2C200A22BE5 /* InfoPlist.strings */,
			);
			name = "Supporting Files";
			sourceTree = "<group>";
		};
/* End PBXGroup section */

/* Begin PBXNativeTarget section */
		7F0FB9AE1934D2C200A22BE5 /* AE DataBase Editor */ = {
			isa = PBXNativeTarget;
			buildConfigurationList = 7F0FB9E01934D2C200A22BE5 /* Build configuration list for PBXNativeTarget "AE DataBase Editor" */;
			buildPhases = (
				7F0FB9AB1934D2C200A22BE5 /* Sources */,
				7F0FB9AC1934D2C200A22BE5 /* Frameworks */,
				7F0FB9AD1934D2C200A22BE5 /* Resources */,
			);
			buildRules = (
			);
			dependencies = (
			);
			name = "AE DataBase Editor";
			productName = "AE DataBase Editor";
			productReference = 7F0FB9AF1934D2C200A22BE5 /* AE DataBase Editor.app */;
			productType = "com.apple.product-type.application";
		};
		7F0FB9CF1934D2C200A22BE5 /* AE DataBase EditorTests */ = {
			isa = PBXNativeTarget;
			buildConfigurationList = 7F0FB9E31934D2C200A22BE5 /* Build configuration list for PBXNativeTarget "AE DataBase EditorTests" */;
			buildPhases = (
				7F0FB9CC1934D2C200A22BE5 /* Sources */,
				7F0FB9CD1934D2C200A22BE5 /* Frameworks */,
				7F0FB9CE1934D2C200A22BE5 /* Resources */,
			);
			buildRules = (
			);
			dependencies = (
				7F0FB9D51934D2C200A22BE5 /* PBXTargetDependency */,
			);
			name = "AE DataBase EditorTests";
			productName = "AE DataBase EditorTests";
			productReference = 7F0FB9D01934D2C200A22BE5 /* AE DataBase EditorTests.xctest */;
			productType = "com.apple.product-type.bundle.unit-test";
		};
/* End PBXNativeTarget section */

/* Begin PBXProject section */
		7F0FB9A71934D2C200A22BE5 /* Project object */ = {
			isa = PBXProject;
			attributes = {
				CLASSPREFIX = AE;
				LastUpgradeCheck = 0510;
				ORGANIZATIONNAME = "Oleg Solovyev";
				TargetAttributes = {
					7F0FB9CF1934D2C200A22BE5 = {
						TestTargetID = 7F0FB9AE1934D2C200A22BE5;
					};
				};
			};
			buildConfigurationList = 7F0FB9AA1934D2C200A22BE5 /* Build configuration list for PBXProject "AE DataBase Editor" */;
			compatibilityVersion = "Xcode 3.2";
			developmentRegion = English;
			hasScannedForEncodings = 0;
			knownRegions = (
				en,
				Base,
			);
			mainGroup = 7F0FB9A61934D2C200A22BE5;
			productRefGroup = 7F0FB9B01934D2C200A22BE5 /* Products */;
			projectDirPath = "";
			projectRoot = "";
			targets = (
				7F0FB9AE1934D2C200A22BE5 /* AE DataBase Editor */,
				7F0FB9CF1934D2C200A22BE5 /* AE DataBase EditorTests */,
			);
		};
/* End PBXProject section */

/* Begin PBXResourcesBuildPhase section */
		7F0FB9AD1934D2C200A22BE5 /* Resources */ = {
			isa = PBXResourcesBuildPhase;
			buildActionMask = 2147483647;
			files = (
				7F0FB9BD1934D2C200A22BE5 /* InfoPlist.strings in Resources */,
				7F0FB9FC1934FC1000A22BE5 /* AEAddModelWindow.xib in Resources */,
				7F0FB9CB1934D2C200A22BE5 /* Images.xcassets in Resources */,
				7F0FB9F71934FAFB00A22BE5 /* AEAddSymptomWindow.xib in Resources */,
				7F0FB9ED1934E4A100A22BE5 /* MainViewController.xib in Resources */,
				7F0FB9C31934D2C200A22BE5 /* Credits.rtf in Resources */,
			);
			runOnlyForDeploymentPostprocessing = 0;
		};
		7F0FB9CE1934D2C200A22BE5 /* Resources */ = {
			isa = PBXResourcesBuildPhase;
			buildActionMask = 2147483647;
			files = (
				7F0FB9DB1934D2C200A22BE5 /* InfoPlist.strings in Resources */,
			);
			runOnlyForDeploymentPostprocessing = 0;
		};
/* End PBXResourcesBuildPhase section */

/* Begin PBXSourcesBuildPhase section */
		7F0FB9AB1934D2C200A22BE5 /* Sources */ = {
			isa = PBXSourcesBuildPhase;
			buildActionMask = 2147483647;
			files = (
				7F0FB9F61934FAFB00A22BE5 /* AEAddSymptomWindow.m in Sources */,
				7F0FB9C61934D2C200A22BE5 /* AEAppDelegate.m in Sources */,
				7F0FB9FB1934FC1000A22BE5 /* AEAddModelWindow.m in Sources */,
				7F0FB9EC1934E4A100A22BE5 /* MainViewController.m in Sources */,
				7F0FB9BF1934D2C200A22BE5 /* main.m in Sources */,
			);
			runOnlyForDeploymentPostprocessing = 0;
		};
		7F0FB9CC1934D2C200A22BE5 /* Sources */ = {
			isa = PBXSourcesBuildPhase;
			buildActionMask = 2147483647;
			files = (
				7F0FB9DD1934D2C200A22BE5 /* AE_DataBase_EditorTests.m in Sources */,
			);
			runOnlyForDeploymentPostprocessing = 0;
		};
/* End PBXSourcesBuildPhase section */

/* Begin PBXTargetDependency section */
		7F0FB9D51934D2C200A22BE5 /* PBXTargetDependency */ = {
			isa = PBXTargetDependency;
			target = 7F0FB9AE1934D2C200A22BE5 /* AE DataBase Editor */;
			targetProxy = 7F0FB9D41934D2C200A22BE5 /* PBXContainerItemProxy */;
		};
/* End PBXTargetDependency section */

/* Begin PBXVariantGroup section */
		7F0FB9BB1934D2C200A22BE5 /* InfoPlist.strings */ = {
			isa = PBXVariantGroup;
			children = (
				7F0FB9BC1934D2C200A22BE5 /* en */,
			);
			name = InfoPlist.strings;
			sourceTree = "<group>";
		};
		7F0FB9C11934D2C200A22BE5 /* Credits.rtf */ = {
			isa = PBXVariantGroup;
			children = (
				7F0FB9C21934D2C200A22BE5 /* en */,
			);
			name = Credits.rtf;
			sourceTree = "<group>";
		};
		7F0FB9D91934D2C200A22BE5 /* InfoPlist.strings */ = {
			isa = PBXVariantGroup;
			children = (
				7F0FB9DA1934D2C200A22BE5 /* en */,
			);
			name = InfoPlist.strings;
			sourceTree = "<group>";
		};
/* End PBXVariantGroup section */

/* Begin XCBuildConfiguration section */
		7F0FB9DE1934D2C200A22BE5 /* Debug */ = {
			isa = XCBuildConfiguration;
			buildSettings = {
				ALWAYS_SEARCH_USER_PATHS = NO;
				CLANG_CXX_LANGUAGE_STANDARD = "gnu++0x";
				CLANG_CXX_LIBRARY = "libc++";
				CLANG_ENABLE_MODULES = YES;
				CLANG_ENABLE_OBJC_ARC = YES;
				CLANG_WARN_BOOL_CONVERSION = YES;
				CLANG_WARN_CONSTANT_CONVERSION = YES;
				CLANG_WARN_DIRECT_OBJC_ISA_USAGE = YES_ERROR;
				CLANG_WARN_EMPTY_BODY = YES;
				CLANG_WARN_ENUM_CONVERSION = YES;
				CLANG_WARN_INT_CONVERSION = YES;
				CLANG_WARN_OBJC_ROOT_CLASS = YES_ERROR;
				CLANG_WARN__DUPLICATE_METHOD_MATCH = YES;
				COPY_PHASE_STRIP = NO;
				GCC_C_LANGUAGE_STANDARD = gnu99;
				GCC_DYNAMIC_NO_PIC = NO;
				GCC_ENABLE_OBJC_EXCEPTIONS = YES;
				GCC_OPTIMIZATION_LEVEL = 0;
				GCC_PREPROCESSOR_DEFINITIONS = (
					"DEBUG=1",
					"$(inherited)",
				);
				GCC_SYMBOLS_PRIVATE_EXTERN = NO;
				GCC_WARN_64_TO_32_BIT_CONVERSION = YES;
				GCC_WARN_ABOUT_RETURN_TYPE = YES_ERROR;
				GCC_WARN_UNDECLARED_SELECTOR = YES;
				GCC_WARN_UNINITIALIZED_AUTOS = YES_AGGRESSIVE;
				GCC_WARN_UNUSED_FUNCTION = YES;
				GCC_WARN_UNUSED_VARIABLE = YES;
				MACOSX_DEPLOYMENT_TARGET = 10.9;
				ONLY_ACTIVE_ARCH = YES;
				SDKROOT = macosx;
			};
			name = Debug;
		};
		7F0FB9DF1934D2C200A22BE5 /* Release */ = {
			isa = XCBuildConfiguration;
			buildSettings = {
				ALWAYS_SEARCH_USER_PATHS = NO;
				CLANG_CXX_LANGUAGE_STANDARD = "gnu++0x";
				CLANG_CXX_LIBRARY = "libc++";
				CLANG_ENABLE_MODULES = YES;
				CLANG_ENABLE_OBJC_ARC = YES;
				CLANG_WARN_BOOL_CONVERSION = YES;
				CLANG_WARN_CONSTANT_CONVERSION = YES;
				CLANG_WARN_DIRECT_OBJC_ISA_USAGE = YES_ERROR;
				CLANG_WARN_EMPTY_BODY = YES;
				CLANG_WARN_ENUM_CONVERSION = YES;
				CLANG_WARN_INT_CONVERSION = YES;
				CLANG_WARN_OBJC_ROOT_CLASS = YES_ERROR;
				CLANG_WARN__DUPLICATE_METHOD_MATCH = YES;
				COPY_PHASE_STRIP = YES;
				DEBUG_INFORMATION_FORMAT = "dwarf-with-dsym";
				ENABLE_NS_ASSERTIONS = NO;
				GCC_C_LANGUAGE_STANDARD = gnu99;
				GCC_ENABLE_OBJC_EXCEPTIONS = YES;
				GCC_WARN_64_TO_32_BIT_CONVERSION = YES;
				GCC_WARN_ABOUT_RETURN_TYPE = YES_ERROR;
				GCC_WARN_UNDECLARED_SELECTOR = YES;
				GCC_WARN_UNINITIALIZED_AUTOS = YES_AGGRESSIVE;
				GCC_WARN_UNUSED_FUNCTION = YES;
				GCC_WARN_UNUSED_VARIABLE = YES;
				MACOSX_DEPLOYMENT_TARGET = 10.9;
				SDKROOT = macosx;
			};
			name = Release;
		};
		7F0FB9E11934D2C200A22BE5 /* Debug */ = {
			isa = XCBuildConfiguration;
			buildSettings = {
				ASSETCATALOG_COMPILER_APPICON_NAME = AppIcon;
				COMBINE_HIDPI_IMAGES = YES;
				GCC_PRECOMPILE_PREFIX_HEADER = YES;
				GCC_PREFIX_HEADER = "AE DataBase Editor/AE DataBase Editor-Prefix.pch";
				INFOPLIST_FILE = "AE DataBase Editor/AE DataBase Editor-Info.plist";
				PRODUCT_NAME = "$(TARGET_NAME)";
				WRAPPER_EXTENSION = app;
			};
			name = Debug;
		};
		7F0FB9E21934D2C200A22BE5 /* Release */ = {
			isa = XCBuildConfiguration;
			buildSettings = {
				ASSETCATALOG_COMPILER_APPICON_NAME = AppIcon;
				COMBINE_HIDPI_IMAGES = YES;
				GCC_PRECOMPILE_PREFIX_HEADER = YES;
				GCC_PREFIX_HEADER = "AE DataBase Editor/AE DataBase Editor-Prefix.pch";
				INFOPLIST_FILE = "AE DataBase Editor/AE DataBase Editor-Info.plist";
				PRODUCT_NAME = "$(TARGET_NAME)";
				WRAPPER_EXTENSION = app;
			};
			name = Release;
		};
		7F0FB9E41934D2C200A22BE5 /* Debug */ = {
			isa = XCBuildConfiguration;
			buildSettings = {
				BUNDLE_LOADER = "$(BUILT_PRODUCTS_DIR)/AE DataBase Editor.app/Contents/MacOS/AE DataBase Editor";
				COMBINE_HIDPI_IMAGES = YES;
				FRAMEWORK_SEARCH_PATHS = (
					"$(DEVELOPER_FRAMEWORKS_DIR)",
					"$(inherited)",
				);
				GCC_PRECOMPILE_PREFIX_HEADER = YES;
				GCC_PREFIX_HEADER = "AE DataBase Editor/AE DataBase Editor-Prefix.pch";
				GCC_PREPROCESSOR_DEFINITIONS = (
					"DEBUG=1",
					"$(inherited)",
				);
				INFOPLIST_FILE = "AE DataBase EditorTests/AE DataBase EditorTests-Info.plist";
				PRODUCT_NAME = "$(TARGET_NAME)";
				TEST_HOST = "$(BUNDLE_LOADER)";
				WRAPPER_EXTENSION = xctest;
			};
			name = Debug;
		};
		7F0FB9E51934D2C200A22BE5 /* Release */ = {
			isa = XCBuildConfiguration;
			buildSettings = {
				BUNDLE_LOADER = "$(BUILT_PRODUCTS_DIR)/AE DataBase Editor.app/Contents/MacOS/AE DataBase Editor";
				COMBINE_HIDPI_IMAGES = YES;
				FRAMEWORK_SEARCH_PATHS = (
					"$(DEVELOPER_FRAMEWORKS_DIR)",
					"$(inherited)",
				);
				GCC_PRECOMPILE_PREFIX_HEADER = YES;
				GCC_PREFIX_HEADER = "AE DataBase Editor/AE DataBase Editor-Prefix.pch";
				INFOPLIST_FILE = "AE DataBase EditorTests/AE DataBase EditorTests-Info.plist";
				PRODUCT_NAME = "$(TARGET_NAME)";
				TEST_HOST = "$(BUNDLE_LOADER)";
				WRAPPER_EXTENSION = xctest;
			};
			name = Release;
		};
/* End XCBuildConfiguration section */

/* Begin XCConfigurationList section */
		7F0FB9AA1934D2C200A22BE5 /* Build configuration list for PBXProject "AE DataBase Editor" */ = {
			isa = XCConfigurationList;
			buildConfigurations = (
				7F0FB9DE1934D2C200A22BE5 /* Debug */,
				7F0FB9DF1934D2C200A22BE5 /* Release */,
			);
			defaultConfigurationIsVisible = 0;
			defaultConfigurationName = Release;
		};
		7F0FB9E01934D2C200A22BE5 /* Build configuration list for PBXNativeTarget "AE DataBase Editor" */ = {
			isa = XCConfigurationList;
			buildConfigurations = (
				7F0FB9E11934D2C200A22BE5 /* Debug */,
				7F0FB9E21934D2C200A22BE5 /* Release */,
			);
			defaultConfigurationIsVisible = 0;
		};
		7F0FB9E31934D2C200A22BE5 /* Build configuration list for PBXNativeTarget "AE DataBase EditorTests" */ = {
			isa = XCConfigurationList;
			buildConfigurations = (
				7F0FB9E41934D2C200A22BE5 /* Debug */,
				7F0FB9E51934D2C200A22BE5 /* Release */,
			);
			defaultConfigurationIsVisible = 0;
		};
/* End XCConfigurationList section */
	};
	rootObject = 7F0FB9A71934D2C200A22BE5 /* Project object */;
}
